
Microsoft Visual Studio Solution File, Format Version 12.00
# Visual Studio Version 16
VisualStudioVersion = 16.0.29306.81
MinimumVisualStudioVersion = 10.0.40219.1
Project("{FAE04EC0-301F-11D3-BF4B-00C04F79EFBC}") = "VistaConsola", "VistaConsola\VistaConsola.csproj", "{460842E3-DE99-4502-BAB3-F35BA84F54F8}"
EndProject
Project("{FAE04EC0-301F-11D3-BF4B-00C04F79EFBC}") = "Entidades", "Entidades\Entidades.csproj", "{A2591237-C0E7-4F46-AC2A-178F4291D96F}"
EndProject
Project("{FAE04EC0-301F-11D3-BF4B-00C04F79EFBC}") = "VistaForm", "VistaForm\VistaForm.csproj", "{B13BE566-3C30-44CF-98E7-E32DD353FFA7}"
EndProject
Global
	GlobalSection(SolutionConfigurationPlatforms) = preSolution
		Debug|Any CPU = Debug|Any CPU
		Release|Any CPU = Release|Any CPU
	EndGlobalSection
	GlobalSection(ProjectConfigurationPlatforms) = postSolution
		{460842E3-DE99-4502-BAB3-F35BA84F54F8}.Debug|Any CPU.ActiveCfg = Debug|Any CPU
		{460842E3-DE99-4502-BAB3-F35BA84F54F8}.Debug|Any CPU.Build.0 = Debug|Any CPU
		{460842E3-DE99-4502-BAB3-F35BA84F54F8}.Release|Any CPU.ActiveCfg = Release|Any CPU
		{460842E3-DE99-4502-BAB3-F35BA84F54F8}.Release|Any CPU.Build.0 = Release|Any CPU
		{A2591237-C0E7-4F46-AC2A-178F4291D96F}.Debug|Any CPU.ActiveCfg = Debug|Any CPU
		{A2591237-C0E7-4F46-AC2A-178F4291D96F}.Debug|Any CPU.Build.0 = Debug|Any CPU
		{A2591237-C0E7-4F46-AC2A-178F4291D96F}.Release|Any CPU.ActiveCfg = Release|Any CPU
		{A2591237-C0E7-4F46-AC2A-178F4291D96F}.Release|Any CPU.Build.0 = Release|Any CPU
		{B13BE566-3C30-44CF-98E7-E32DD353FFA7}.Debug|Any CPU.ActiveCfg = Debug|Any CPU
		{B13BE566-3C30-44CF-98E7-E32DD353FFA7}.Debug|Any CPU.Build.0 = Debug|Any CPU
		{B13BE566-3C30-44CF-98E7-E32DD353FFA7}.Release|Any CPU.ActiveCfg = Release|Any CPU
		{B13BE566-3C30-44CF-98E7-E32DD353FFA7}.Release|Any CPU.Build.0 = Release|Any CPU
	EndGlobalSection
	GlobalSection(SolutionProperties) = preSolution
		HideSolutionNode = FALSE
	EndGlobalSection
	GlobalSection(ExtensibilityGlobals) = postSolution
		SolutionGuid = {008D4ED8-CEA0-4F14-87E2-45D0C0AB1B2A}
	EndGlobalSection
EndGlobal
