
Microsoft Visual Studio Solution File, Format Version 12.00
# Visual Studio Version 16
VisualStudioVersion = 16.0.29306.81
MinimumVisualStudioVersion = 10.0.40219.1
Project("{FAE04EC0-301F-11D3-BF4B-00C04F79EFBC}") = "Ejercicio_52_Interface", "Ejercicio_52_Interface\Ejercicio_52_Interface.csproj", "{5B709308-8FE9-433E-A2B8-9DE581ECBFF5}"
EndProject
Project("{FAE04EC0-301F-11D3-BF4B-00C04F79EFBC}") = "Consola", "Consola\Consola.csproj", "{BDC6904D-CEC9-4B87-8049-DEDC31D32223}"
EndProject
Global
	GlobalSection(SolutionConfigurationPlatforms) = preSolution
		Debug|Any CPU = Debug|Any CPU
		Release|Any CPU = Release|Any CPU
	EndGlobalSection
	GlobalSection(ProjectConfigurationPlatforms) = postSolution
		{5B709308-8FE9-433E-A2B8-9DE581ECBFF5}.Debug|Any CPU.ActiveCfg = Debug|Any CPU
		{5B709308-8FE9-433E-A2B8-9DE581ECBFF5}.Debug|Any CPU.Build.0 = Debug|Any CPU
		{5B709308-8FE9-433E-A2B8-9DE581ECBFF5}.Release|Any CPU.ActiveCfg = Release|Any CPU
		{5B709308-8FE9-433E-A2B8-9DE581ECBFF5}.Release|Any CPU.Build.0 = Release|Any CPU
		{BDC6904D-CEC9-4B87-8049-DEDC31D32223}.Debug|Any CPU.ActiveCfg = Debug|Any CPU
		{BDC6904D-CEC9-4B87-8049-DEDC31D32223}.Debug|Any CPU.Build.0 = Debug|Any CPU
		{BDC6904D-CEC9-4B87-8049-DEDC31D32223}.Release|Any CPU.ActiveCfg = Release|Any CPU
		{BDC6904D-CEC9-4B87-8049-DEDC31D32223}.Release|Any CPU.Build.0 = Release|Any CPU
	EndGlobalSection
	GlobalSection(SolutionProperties) = preSolution
		HideSolutionNode = FALSE
	EndGlobalSection
	GlobalSection(ExtensibilityGlobals) = postSolution
		SolutionGuid = {DEB63D57-E756-413C-8EEF-A6D94E74197D}
	EndGlobalSection
EndGlobal
